
Microsoft Visual Studio Solution File, Format Version 12.00
# Visual Studio Version 16
VisualStudioVersion = 16.0.30104.148
MinimumVisualStudioVersion = 10.0.40219.1
Project("{FAE04EC0-301F-11D3-BF4B-00C04F79EFBC}") = "Advent of code", "Advent of code.csproj", "{BCBE222E-C916-4A33-BA71-DE01E1A72B0F}"
EndProject
Global
	GlobalSection(SolutionConfigurationPlatforms) = preSolution
		Debug|Any CPU = Debug|Any CPU
		Release|Any CPU = Release|Any CPU
	EndGlobalSection
	GlobalSection(ProjectConfigurationPlatforms) = postSolution
		{BCBE222E-C916-4A33-BA71-DE01E1A72B0F}.Debug|Any CPU.ActiveCfg = Debug|Any CPU
		{BCBE222E-C916-4A33-BA71-DE01E1A72B0F}.Debug|Any CPU.Build.0 = Debug|Any CPU
		{BCBE222E-C916-4A33-BA71-DE01E1A72B0F}.Release|Any CPU.ActiveCfg = Release|Any CPU
		{BCBE222E-C916-4A33-BA71-DE01E1A72B0F}.Release|Any CPU.Build.0 = Release|Any CPU
	EndGlobalSection
	GlobalSection(SolutionProperties) = preSolution
		HideSolutionNode = FALSE
	EndGlobalSection
	GlobalSection(ExtensibilityGlobals) = postSolution
		SolutionGuid = {539353F5-1A0F-4493-B203-83F000C088DA}
	EndGlobalSection
EndGlobal
